<Solution>
  <Folder Name="/src/">
    <Project Path="API/Presentation.csproj" />
    <Project Path="Application/Application.csproj" />
    <Project Path="Domain/Domain.csproj" />
    <Project Path="Infrastructure/Infrastructure.csproj" />
    <Project Path="Jira_APP/Jira_APP.csproj" />
  </Folder>
</Solution>
